
Microsoft Visual Studio Solution File, Format Version 12.00
# Visual Studio Version 16
VisualStudioVersion = 16.0.31424.327
MinimumVisualStudioVersion = 10.0.40219.1
Project("{FAE04EC0-301F-11D3-BF4B-00C04F79EFBC}") = "SwitchChallenge", "SwitchChallenge.csproj", "{582C3C01-C491-4D5C-BE5C-D6B6289745ED}"
EndProject
Global
	GlobalSection(SolutionConfigurationPlatforms) = preSolution
		Debug|Any CPU = Debug|Any CPU
		Release|Any CPU = Release|Any CPU
	EndGlobalSection
	GlobalSection(ProjectConfigurationPlatforms) = postSolution
		{582C3C01-C491-4D5C-BE5C-D6B6289745ED}.Debug|Any CPU.ActiveCfg = Debug|Any CPU
		{582C3C01-C491-4D5C-BE5C-D6B6289745ED}.Debug|Any CPU.Build.0 = Debug|Any CPU
		{582C3C01-C491-4D5C-BE5C-D6B6289745ED}.Release|Any CPU.ActiveCfg = Release|Any CPU
		{582C3C01-C491-4D5C-BE5C-D6B6289745ED}.Release|Any CPU.Build.0 = Release|Any CPU
	EndGlobalSection
	GlobalSection(SolutionProperties) = preSolution
		HideSolutionNode = FALSE
	EndGlobalSection
	GlobalSection(ExtensibilityGlobals) = postSolution
		SolutionGuid = {8F78A37B-D70F-47F5-A5F0-8FDB1720527F}
	EndGlobalSection
EndGlobal
