
Microsoft Visual Studio Solution File, Format Version 12.00
# Visual Studio Version 16
VisualStudioVersion = 16.0.31424.327
MinimumVisualStudioVersion = 10.0.40219.1
Project("{FAE04EC0-301F-11D3-BF4B-00C04F79EFBC}") = "ExceptionHandling", "ExceptionHandling.csproj", "{B1796443-7A72-4195-BD7E-25856BAF4F71}"
EndProject
Global
	GlobalSection(SolutionConfigurationPlatforms) = preSolution
		Debug|Any CPU = Debug|Any CPU
		Release|Any CPU = Release|Any CPU
	EndGlobalSection
	GlobalSection(ProjectConfigurationPlatforms) = postSolution
		{B1796443-7A72-4195-BD7E-25856BAF4F71}.Debug|Any CPU.ActiveCfg = Debug|Any CPU
		{B1796443-7A72-4195-BD7E-25856BAF4F71}.Debug|Any CPU.Build.0 = Debug|Any CPU
		{B1796443-7A72-4195-BD7E-25856BAF4F71}.Release|Any CPU.ActiveCfg = Release|Any CPU
		{B1796443-7A72-4195-BD7E-25856BAF4F71}.Release|Any CPU.Build.0 = Release|Any CPU
	EndGlobalSection
	GlobalSection(SolutionProperties) = preSolution
		HideSolutionNode = FALSE
	EndGlobalSection
	GlobalSection(ExtensibilityGlobals) = postSolution
		SolutionGuid = {34E156A0-D115-4300-A205-8DFF260F79F1}
	EndGlobalSection
EndGlobal
